
Microsoft Visual Studio Solution File, Format Version 12.00
# Visual Studio 15
VisualStudioVersion = 15.0.28306.52
MinimumVisualStudioVersion = 10.0.40219.1
Project("{FAE04EC0-301F-11D3-BF4B-00C04F79EFBC}") = "HK.PoyoWordBook.Android", "HK.PoyoWordBook\HK.PoyoWordBook.Android\HK.PoyoWordBook.Android.csproj", "{8C9D64B8-678A-4A71-99E6-7052C3510030}"
EndProject
Project("{FAE04EC0-301F-11D3-BF4B-00C04F79EFBC}") = "HK.PoyoWordBook.iOS", "HK.PoyoWordBook\HK.PoyoWordBook.iOS\HK.PoyoWordBook.iOS.csproj", "{11557796-69AE-49FC-A6C8-B191AB558B2E}"
EndProject
Project("{FAE04EC0-301F-11D3-BF4B-00C04F79EFBC}") = "HK.PoyoWordBook", "HK.PoyoWordBook\HK.PoyoWordBook\HK.PoyoWordBook.csproj", "{8ADBE355-71D7-497C-8EEF-41DCB31F59C1}"
EndProject
Global
	GlobalSection(SolutionConfigurationPlatforms) = preSolution
		Ad-Hoc|Any CPU = Ad-Hoc|Any CPU
		Ad-Hoc|iPhone = Ad-Hoc|iPhone
		Ad-Hoc|iPhoneSimulator = Ad-Hoc|iPhoneSimulator
		AppStore|Any CPU = AppStore|Any CPU
		AppStore|iPhone = AppStore|iPhone
		AppStore|iPhoneSimulator = AppStore|iPhoneSimulator
		Debug|Any CPU = Debug|Any CPU
		Debug|iPhone = Debug|iPhone
		Debug|iPhoneSimulator = Debug|iPhoneSimulator
		Release|Any CPU = Release|Any CPU
		Release|iPhone = Release|iPhone
		Release|iPhoneSimulator = Release|iPhoneSimulator
	EndGlobalSection
	GlobalSection(ProjectConfigurationPlatforms) = postSolution
		{8C9D64B8-678A-4A71-99E6-7052C3510030}.Ad-Hoc|Any CPU.ActiveCfg = Release|Any CPU
		{8C9D64B8-678A-4A71-99E6-7052C3510030}.Ad-Hoc|Any CPU.Build.0 = Release|Any CPU
		{8C9D64B8-678A-4A71-99E6-7052C3510030}.Ad-Hoc|Any CPU.Deploy.0 = Release|Any CPU
		{8C9D64B8-678A-4A71-99E6-7052C3510030}.Ad-Hoc|iPhone.ActiveCfg = Release|Any CPU
		{8C9D64B8-678A-4A71-99E6-7052C3510030}.Ad-Hoc|iPhone.Build.0 = Release|Any CPU
		{8C9D64B8-678A-4A71-99E6-7052C3510030}.Ad-Hoc|iPhone.Deploy.0 = Release|Any CPU
		{8C9D64B8-678A-4A71-99E6-7052C3510030}.Ad-Hoc|iPhoneSimulator.ActiveCfg = Release|Any CPU
		{8C9D64B8-678A-4A71-99E6-7052C3510030}.Ad-Hoc|iPhoneSimulator.Build.0 = Release|Any CPU
		{8C9D64B8-678A-4A71-99E6-7052C3510030}.Ad-Hoc|iPhoneSimulator.Deploy.0 = Release|Any CPU
		{8C9D64B8-678A-4A71-99E6-7052C3510030}.AppStore|Any CPU.ActiveCfg = Release|Any CPU
		{8C9D64B8-678A-4A71-99E6-7052C3510030}.AppStore|Any CPU.Build.0 = Release|Any CPU
		{8C9D64B8-678A-4A71-99E6-7052C3510030}.AppStore|Any CPU.Deploy.0 = Release|Any CPU
		{8C9D64B8-678A-4A71-99E6-7052C3510030}.AppStore|iPhone.ActiveCfg = Release|Any CPU
		{8C9D64B8-678A-4A71-99E6-7052C3510030}.AppStore|iPhone.Build.0 = Release|Any CPU
		{8C9D64B8-678A-4A71-99E6-7052C3510030}.AppStore|iPhone.Deploy.0 = Release|Any CPU
		{8C9D64B8-678A-4A71-99E6-7052C3510030}.AppStore|iPhoneSimulator.ActiveCfg = Release|Any CPU
		{8C9D64B8-678A-4A71-99E6-7052C3510030}.AppStore|iPhoneSimulator.Build.0 = Release|Any CPU
		{8C9D64B8-678A-4A71-99E6-7052C3510030}.AppStore|iPhoneSimulator.Deploy.0 = Release|Any CPU
		{8C9D64B8-678A-4A71-99E6-7052C3510030}.Debug|Any CPU.ActiveCfg = Debug|Any CPU
		{8C9D64B8-678A-4A71-99E6-7052C3510030}.Debug|Any CPU.Build.0 = Debug|Any CPU
		{8C9D64B8-678A-4A71-99E6-7052C3510030}.Debug|Any CPU.Deploy.0 = Debug|Any CPU
		{8C9D64B8-678A-4A71-99E6-7052C3510030}.Debug|iPhone.ActiveCfg = Debug|Any CPU
		{8C9D64B8-678A-4A71-99E6-7052C3510030}.Debug|iPhone.Build.0 = Debug|Any CPU
		{8C9D64B8-678A-4A71-99E6-7052C3510030}.Debug|iPhone.Deploy.0 = Debug|Any CPU
		{8C9D64B8-678A-4A71-99E6-7052C3510030}.Debug|iPhoneSimulator.ActiveCfg = Debug|Any CPU
		{8C9D64B8-678A-4A71-99E6-7052C3510030}.Debug|iPhoneSimulator.Build.0 = Debug|Any CPU
		{8C9D64B8-678A-4A71-99E6-7052C3510030}.Debug|iPhoneSimulator.Deploy.0 = Debug|Any CPU
		{8C9D64B8-678A-4A71-99E6-7052C3510030}.Release|Any CPU.ActiveCfg = Release|Any CPU
		{8C9D64B8-678A-4A71-99E6-7052C3510030}.Release|Any CPU.Build.0 = Release|Any CPU
		{8C9D64B8-678A-4A71-99E6-7052C3510030}.Release|Any CPU.Deploy.0 = Release|Any CPU
		{8C9D64B8-678A-4A71-99E6-7052C3510030}.Release|iPhone.ActiveCfg = Release|Any CPU
		{8C9D64B8-678A-4A71-99E6-7052C3510030}.Release|iPhone.Build.0 = Release|Any CPU
		{8C9D64B8-678A-4A71-99E6-7052C3510030}.Release|iPhone.Deploy.0 = Release|Any CPU
		{8C9D64B8-678A-4A71-99E6-7052C3510030}.Release|iPhoneSimulator.ActiveCfg = Release|Any CPU
		{8C9D64B8-678A-4A71-99E6-7052C3510030}.Release|iPhoneSimulator.Build.0 = Release|Any CPU
		{8C9D64B8-678A-4A71-99E6-7052C3510030}.Release|iPhoneSimulator.Deploy.0 = Release|Any CPU
		{11557796-69AE-49FC-A6C8-B191AB558B2E}.Ad-Hoc|Any CPU.ActiveCfg = Ad-Hoc|iPhone
		{11557796-69AE-49FC-A6C8-B191AB558B2E}.Ad-Hoc|Any CPU.Build.0 = Ad-Hoc|iPhone
		{11557796-69AE-49FC-A6C8-B191AB558B2E}.Ad-Hoc|Any CPU.Deploy.0 = Ad-Hoc|iPhone
		{11557796-69AE-49FC-A6C8-B191AB558B2E}.Ad-Hoc|iPhone.ActiveCfg = Ad-Hoc|iPhone
		{11557796-69AE-49FC-A6C8-B191AB558B2E}.Ad-Hoc|iPhone.Build.0 = Ad-Hoc|iPhone
		{11557796-69AE-49FC-A6C8-B191AB558B2E}.Ad-Hoc|iPhone.Deploy.0 = Ad-Hoc|iPhone
		{11557796-69AE-49FC-A6C8-B191AB558B2E}.Ad-Hoc|iPhoneSimulator.ActiveCfg = Ad-Hoc|iPhoneSimulator
		{11557796-69AE-49FC-A6C8-B191AB558B2E}.Ad-Hoc|iPhoneSimulator.Build.0 = Ad-Hoc|iPhoneSimulator
		{11557796-69AE-49FC-A6C8-B191AB558B2E}.Ad-Hoc|iPhoneSimulator.Deploy.0 = Ad-Hoc|iPhoneSimulator
		{11557796-69AE-49FC-A6C8-B191AB558B2E}.AppStore|Any CPU.ActiveCfg = AppStore|iPhone
		{11557796-69AE-49FC-A6C8-B191AB558B2E}.AppStore|Any CPU.Build.0 = AppStore|iPhone
		{11557796-69AE-49FC-A6C8-B191AB558B2E}.AppStore|Any CPU.Deploy.0 = AppStore|iPhone
		{11557796-69AE-49FC-A6C8-B191AB558B2E}.AppStore|iPhone.ActiveCfg = AppStore|iPhone
		{11557796-69AE-49FC-A6C8-B191AB558B2E}.AppStore|iPhone.Build.0 = AppStore|iPhone
		{11557796-69AE-49FC-A6C8-B191AB558B2E}.AppStore|iPhone.Deploy.0 = AppStore|iPhone
		{11557796-69AE-49FC-A6C8-B191AB558B2E}.AppStore|iPhoneSimulator.ActiveCfg = AppStore|iPhoneSimulator
		{11557796-69AE-49FC-A6C8-B191AB558B2E}.AppStore|iPhoneSimulator.Build.0 = AppStore|iPhoneSimulator
		{11557796-69AE-49FC-A6C8-B191AB558B2E}.AppStore|iPhoneSimulator.Deploy.0 = AppStore|iPhoneSimulator
		{11557796-69AE-49FC-A6C8-B191AB558B2E}.Debug|Any CPU.ActiveCfg = Debug|iPhoneSimulator
		{11557796-69AE-49FC-A6C8-B191AB558B2E}.Debug|Any CPU.Build.0 = Debug|iPhoneSimulator
		{11557796-69AE-49FC-A6C8-B191AB558B2E}.Debug|Any CPU.Deploy.0 = Debug|iPhoneSimulator
		{11557796-69AE-49FC-A6C8-B191AB558B2E}.Debug|iPhone.ActiveCfg = Debug|iPhone
		{11557796-69AE-49FC-A6C8-B191AB558B2E}.Debug|iPhone.Build.0 = Debug|iPhone
		{11557796-69AE-49FC-A6C8-B191AB558B2E}.Debug|iPhone.Deploy.0 = Debug|iPhone
		{11557796-69AE-49FC-A6C8-B191AB558B2E}.Debug|iPhoneSimulator.ActiveCfg = Debug|iPhoneSimulator
		{11557796-69AE-49FC-A6C8-B191AB558B2E}.Debug|iPhoneSimulator.Build.0 = Debug|iPhoneSimulator
		{11557796-69AE-49FC-A6C8-B191AB558B2E}.Debug|iPhoneSimulator.Deploy.0 = Debug|iPhoneSimulator
		{11557796-69AE-49FC-A6C8-B191AB558B2E}.Release|Any CPU.ActiveCfg = Release|iPhone
		{11557796-69AE-49FC-A6C8-B191AB558B2E}.Release|Any CPU.Build.0 = Release|iPhone
		{11557796-69AE-49FC-A6C8-B191AB558B2E}.Release|Any CPU.Deploy.0 = Release|iPhone
		{11557796-69AE-49FC-A6C8-B191AB558B2E}.Release|iPhone.ActiveCfg = Release|iPhone
		{11557796-69AE-49FC-A6C8-B191AB558B2E}.Release|iPhone.Build.0 = Release|iPhone
		{11557796-69AE-49FC-A6C8-B191AB558B2E}.Release|iPhone.Deploy.0 = Release|iPhone
		{11557796-69AE-49FC-A6C8-B191AB558B2E}.Release|iPhoneSimulator.ActiveCfg = Release|iPhoneSimulator
		{11557796-69AE-49FC-A6C8-B191AB558B2E}.Release|iPhoneSimulator.Build.0 = Release|iPhoneSimulator
		{11557796-69AE-49FC-A6C8-B191AB558B2E}.Release|iPhoneSimulator.Deploy.0 = Release|iPhoneSimulator
		{8ADBE355-71D7-497C-8EEF-41DCB31F59C1}.Ad-Hoc|Any CPU.ActiveCfg = Debug|Any CPU
		{8ADBE355-71D7-497C-8EEF-41DCB31F59C1}.Ad-Hoc|Any CPU.Build.0 = Debug|Any CPU
		{8ADBE355-71D7-497C-8EEF-41DCB31F59C1}.Ad-Hoc|Any CPU.Deploy.0 = Debug|Any CPU
		{8ADBE355-71D7-497C-8EEF-41DCB31F59C1}.Ad-Hoc|iPhone.ActiveCfg = Debug|Any CPU
		{8ADBE355-71D7-497C-8EEF-41DCB31F59C1}.Ad-Hoc|iPhone.Build.0 = Debug|Any CPU
		{8ADBE355-71D7-497C-8EEF-41DCB31F59C1}.Ad-Hoc|iPhone.Deploy.0 = Debug|Any CPU
		{8ADBE355-71D7-497C-8EEF-41DCB31F59C1}.Ad-Hoc|iPhoneSimulator.ActiveCfg = Debug|Any CPU
		{8ADBE355-71D7-497C-8EEF-41DCB31F59C1}.Ad-Hoc|iPhoneSimulator.Build.0 = Debug|Any CPU
		{8ADBE355-71D7-497C-8EEF-41DCB31F59C1}.Ad-Hoc|iPhoneSimulator.Deploy.0 = Debug|Any CPU
		{8ADBE355-71D7-497C-8EEF-41DCB31F59C1}.AppStore|Any CPU.ActiveCfg = Debug|Any CPU
		{8ADBE355-71D7-497C-8EEF-41DCB31F59C1}.AppStore|Any CPU.Build.0 = Debug|Any CPU
		{8ADBE355-71D7-497C-8EEF-41DCB31F59C1}.AppStore|Any CPU.Deploy.0 = Debug|Any CPU
		{8ADBE355-71D7-497C-8EEF-41DCB31F59C1}.AppStore|iPhone.ActiveCfg = Debug|Any CPU
		{8ADBE355-71D7-497C-8EEF-41DCB31F59C1}.AppStore|iPhone.Build.0 = Debug|Any CPU
		{8ADBE355-71D7-497C-8EEF-41DCB31F59C1}.AppStore|iPhone.Deploy.0 = Debug|Any CPU
		{8ADBE355-71D7-497C-8EEF-41DCB31F59C1}.AppStore|iPhoneSimulator.ActiveCfg = Debug|Any CPU
		{8ADBE355-71D7-497C-8EEF-41DCB31F59C1}.AppStore|iPhoneSimulator.Build.0 = Debug|Any CPU
		{8ADBE355-71D7-497C-8EEF-41DCB31F59C1}.AppStore|iPhoneSimulator.Deploy.0 = Debug|Any CPU
		{8ADBE355-71D7-497C-8EEF-41DCB31F59C1}.Debug|Any CPU.ActiveCfg = Debug|Any CPU
		{8ADBE355-71D7-497C-8EEF-41DCB31F59C1}.Debug|Any CPU.Build.0 = Debug|Any CPU
		{8ADBE355-71D7-497C-8EEF-41DCB31F59C1}.Debug|Any CPU.Deploy.0 = Debug|Any CPU
		{8ADBE355-71D7-497C-8EEF-41DCB31F59C1}.Debug|iPhone.ActiveCfg = Debug|Any CPU
		{8ADBE355-71D7-497C-8EEF-41DCB31F59C1}.Debug|iPhone.Build.0 = Debug|Any CPU
		{8ADBE355-71D7-497C-8EEF-41DCB31F59C1}.Debug|iPhone.Deploy.0 = Debug|Any CPU
		{8ADBE355-71D7-497C-8EEF-41DCB31F59C1}.Debug|iPhoneSimulator.ActiveCfg = Debug|Any CPU
		{8ADBE355-71D7-497C-8EEF-41DCB31F59C1}.Debug|iPhoneSimulator.Build.0 = Debug|Any CPU
		{8ADBE355-71D7-497C-8EEF-41DCB31F59C1}.Debug|iPhoneSimulator.Deploy.0 = Debug|Any CPU
		{8ADBE355-71D7-497C-8EEF-41DCB31F59C1}.Release|Any CPU.ActiveCfg = Release|Any CPU
		{8ADBE355-71D7-497C-8EEF-41DCB31F59C1}.Release|Any CPU.Build.0 = Release|Any CPU
		{8ADBE355-71D7-497C-8EEF-41DCB31F59C1}.Release|Any CPU.Deploy.0 = Release|Any CPU
		{8ADBE355-71D7-497C-8EEF-41DCB31F59C1}.Release|iPhone.ActiveCfg = Release|Any CPU
		{8ADBE355-71D7-497C-8EEF-41DCB31F59C1}.Release|iPhone.Build.0 = Release|Any CPU
		{8ADBE355-71D7-497C-8EEF-41DCB31F59C1}.Release|iPhone.Deploy.0 = Release|Any CPU
		{8ADBE355-71D7-497C-8EEF-41DCB31F59C1}.Release|iPhoneSimulator.ActiveCfg = Release|Any CPU
		{8ADBE355-71D7-497C-8EEF-41DCB31F59C1}.Release|iPhoneSimulator.Build.0 = Release|Any CPU
		{8ADBE355-71D7-497C-8EEF-41DCB31F59C1}.Release|iPhoneSimulator.Deploy.0 = Release|Any CPU
	EndGlobalSection
	GlobalSection(SolutionProperties) = preSolution
		HideSolutionNode = FALSE
	EndGlobalSection
	GlobalSection(ExtensibilityGlobals) = postSolution
		SolutionGuid = {23C65386-9D13-4A94-9890-BEC5C31525AC}
	EndGlobalSection
EndGlobal
